
Microsoft Visual Studio Solution File, Format Version 11.00
# Visual Studio 2010
Project("{FAE04EC0-301F-11D3-BF4B-00C04F79EFBC}") = "SOAPService", "SOAPService\SOAPService.csproj", "{3305E2AD-4196-451B-AFF5-E11BE1073E71}"
EndProject
Project("{2150E333-8FDC-42A3-9474-1A3956D46DE8}") = "Librerias", "Librerias", "{0B936042-8684-46BC-A77E-DF3960BDA114}"
	ProjectSection(SolutionItems) = preProject
		Librerias\Iesi.Collections.dll = Librerias\Iesi.Collections.dll
		Librerias\NHibernate.dll = Librerias\NHibernate.dll
	EndProjectSection
EndProject
Global
	GlobalSection(SolutionConfigurationPlatforms) = preSolution
		Debug|Any CPU = Debug|Any CPU
		Release|Any CPU = Release|Any CPU
	EndGlobalSection
	GlobalSection(ProjectConfigurationPlatforms) = postSolution
		{3305E2AD-4196-451B-AFF5-E11BE1073E71}.Debug|Any CPU.ActiveCfg = Debug|Any CPU
		{3305E2AD-4196-451B-AFF5-E11BE1073E71}.Debug|Any CPU.Build.0 = Debug|Any CPU
		{3305E2AD-4196-451B-AFF5-E11BE1073E71}.Release|Any CPU.ActiveCfg = Release|Any CPU
		{3305E2AD-4196-451B-AFF5-E11BE1073E71}.Release|Any CPU.Build.0 = Release|Any CPU
	EndGlobalSection
	GlobalSection(SolutionProperties) = preSolution
		HideSolutionNode = FALSE
	EndGlobalSection
EndGlobal
